
Microsoft Visual Studio Solution File, Format Version 12.00
# Visual Studio Version 17
VisualStudioVersion = 17.2.32616.157
MinimumVisualStudioVersion = 10.0.40219.1
Project("{FAE04EC0-301F-11D3-BF4B-00C04F79EFBC}") = "csharp-snacks-1", "csharp-snacks-1.csproj", "{DF439C8B-2394-4533-A184-B1C123B1EC88}"
EndProject
Global
	GlobalSection(SolutionConfigurationPlatforms) = preSolution
		Debug|Any CPU = Debug|Any CPU
		Release|Any CPU = Release|Any CPU
	EndGlobalSection
	GlobalSection(ProjectConfigurationPlatforms) = postSolution
		{DF439C8B-2394-4533-A184-B1C123B1EC88}.Debug|Any CPU.ActiveCfg = Debug|Any CPU
		{DF439C8B-2394-4533-A184-B1C123B1EC88}.Debug|Any CPU.Build.0 = Debug|Any CPU
		{DF439C8B-2394-4533-A184-B1C123B1EC88}.Release|Any CPU.ActiveCfg = Release|Any CPU
		{DF439C8B-2394-4533-A184-B1C123B1EC88}.Release|Any CPU.Build.0 = Release|Any CPU
	EndGlobalSection
	GlobalSection(SolutionProperties) = preSolution
		HideSolutionNode = FALSE
	EndGlobalSection
	GlobalSection(ExtensibilityGlobals) = postSolution
		SolutionGuid = {45689456-0404-47F9-A431-A8A5D7C7CC99}
	EndGlobalSection
EndGlobal
